
Microsoft Visual Studio Solution File, Format Version 12.00
# Visual Studio Version 16
VisualStudioVersion = 16.0.29728.190
MinimumVisualStudioVersion = 10.0.40219.1
Project("{FAE04EC0-301F-11D3-BF4B-00C04F79EFBC}") = "MovieSearch", "MovieSearch\MovieSearch.csproj", "{F227B819-AEA5-4300-8292-C526C6166808}"
EndProject
Global
	GlobalSection(SolutionConfigurationPlatforms) = preSolution
		Debug|Any CPU = Debug|Any CPU
		Release|Any CPU = Release|Any CPU
	EndGlobalSection
	GlobalSection(ProjectConfigurationPlatforms) = postSolution
		{F227B819-AEA5-4300-8292-C526C6166808}.Debug|Any CPU.ActiveCfg = Debug|Any CPU
		{F227B819-AEA5-4300-8292-C526C6166808}.Debug|Any CPU.Build.0 = Debug|Any CPU
		{F227B819-AEA5-4300-8292-C526C6166808}.Release|Any CPU.ActiveCfg = Release|Any CPU
		{F227B819-AEA5-4300-8292-C526C6166808}.Release|Any CPU.Build.0 = Release|Any CPU
	EndGlobalSection
	GlobalSection(SolutionProperties) = preSolution
		HideSolutionNode = FALSE
	EndGlobalSection
	GlobalSection(ExtensibilityGlobals) = postSolution
		SolutionGuid = {C5C1A17D-3DF0-4A53-9B70-BB3FAC2C0762}
	EndGlobalSection
EndGlobal
